
Microsoft Visual Studio Solution File, Format Version 12.00
# Visual Studio 15
VisualStudioVersion = 15.0.28307.168
MinimumVisualStudioVersion = 10.0.40219.1
Project("{FAE04EC0-301F-11D3-BF4B-00C04F79EFBC}") = "Core", "Core\Core.csproj", "{DA75A77B-0F9A-450A-BE78-595A813A2CD7}"
EndProject
Project("{FAE04EC0-301F-11D3-BF4B-00C04F79EFBC}") = "RestClient", "RestClient\RestClient.csproj", "{362C97B3-70F4-418E-A5C2-97AE814716F8}"
EndProject
Global
	GlobalSection(SolutionConfigurationPlatforms) = preSolution
		Debug|Any CPU = Debug|Any CPU
		Release|Any CPU = Release|Any CPU
	EndGlobalSection
	GlobalSection(ProjectConfigurationPlatforms) = postSolution
		{DA75A77B-0F9A-450A-BE78-595A813A2CD7}.Debug|Any CPU.ActiveCfg = Debug|Any CPU
		{DA75A77B-0F9A-450A-BE78-595A813A2CD7}.Debug|Any CPU.Build.0 = Debug|Any CPU
		{DA75A77B-0F9A-450A-BE78-595A813A2CD7}.Release|Any CPU.ActiveCfg = Release|Any CPU
		{DA75A77B-0F9A-450A-BE78-595A813A2CD7}.Release|Any CPU.Build.0 = Release|Any CPU
		{362C97B3-70F4-418E-A5C2-97AE814716F8}.Debug|Any CPU.ActiveCfg = Debug|Any CPU
		{362C97B3-70F4-418E-A5C2-97AE814716F8}.Debug|Any CPU.Build.0 = Debug|Any CPU
		{362C97B3-70F4-418E-A5C2-97AE814716F8}.Release|Any CPU.ActiveCfg = Release|Any CPU
		{362C97B3-70F4-418E-A5C2-97AE814716F8}.Release|Any CPU.Build.0 = Release|Any CPU
	EndGlobalSection
	GlobalSection(SolutionProperties) = preSolution
		HideSolutionNode = FALSE
	EndGlobalSection
	GlobalSection(ExtensibilityGlobals) = postSolution
		SolutionGuid = {E8FC6699-292E-4832-AA26-9982A0161B5A}
	EndGlobalSection
EndGlobal
